
Microsoft Visual Studio Solution File, Format Version 12.00
# Visual Studio Version 17
VisualStudioVersion = 17.4.33403.182
MinimumVisualStudioVersion = 10.0.40219.1
Project("{2150E333-8FDC-42A3-9474-1A3956D46DE8}") = "src", "src", "{6671E026-56D2-4593-BB25-2269C81EBAF3}"
EndProject
Project("{9A19103F-16F7-4668-BE54-9A1E7A4F7556}") = "TesteApi.Api", "src\TesteApi.Api\TesteApi.Api.csproj", "{283D66B0-BDA1-4366-8C0D-555301591425}"
EndProject
Project("{9A19103F-16F7-4668-BE54-9A1E7A4F7556}") = "TesteApi.Data", "src\TesteApi.Data\TesteApi.Data.csproj", "{04995C3F-FEA5-4078-9B8E-4B67748B39F3}"
EndProject
Project("{9A19103F-16F7-4668-BE54-9A1E7A4F7556}") = "TesteApi.Domain", "src\TesteApi.Domain\TesteApi.Domain.csproj", "{8D293D9E-2842-4967-B632-3AF4C4F76385}"
EndProject
Global
	GlobalSection(SolutionConfigurationPlatforms) = preSolution
		Debug|Any CPU = Debug|Any CPU
		Release|Any CPU = Release|Any CPU
	EndGlobalSection
	GlobalSection(ProjectConfigurationPlatforms) = postSolution
		{283D66B0-BDA1-4366-8C0D-555301591425}.Debug|Any CPU.ActiveCfg = Debug|Any CPU
		{283D66B0-BDA1-4366-8C0D-555301591425}.Debug|Any CPU.Build.0 = Debug|Any CPU
		{283D66B0-BDA1-4366-8C0D-555301591425}.Release|Any CPU.ActiveCfg = Release|Any CPU
		{283D66B0-BDA1-4366-8C0D-555301591425}.Release|Any CPU.Build.0 = Release|Any CPU
		{04995C3F-FEA5-4078-9B8E-4B67748B39F3}.Debug|Any CPU.ActiveCfg = Debug|Any CPU
		{04995C3F-FEA5-4078-9B8E-4B67748B39F3}.Debug|Any CPU.Build.0 = Debug|Any CPU
		{04995C3F-FEA5-4078-9B8E-4B67748B39F3}.Release|Any CPU.ActiveCfg = Release|Any CPU
		{04995C3F-FEA5-4078-9B8E-4B67748B39F3}.Release|Any CPU.Build.0 = Release|Any CPU
		{8D293D9E-2842-4967-B632-3AF4C4F76385}.Debug|Any CPU.ActiveCfg = Debug|Any CPU
		{8D293D9E-2842-4967-B632-3AF4C4F76385}.Debug|Any CPU.Build.0 = Debug|Any CPU
		{8D293D9E-2842-4967-B632-3AF4C4F76385}.Release|Any CPU.ActiveCfg = Release|Any CPU
		{8D293D9E-2842-4967-B632-3AF4C4F76385}.Release|Any CPU.Build.0 = Release|Any CPU
	EndGlobalSection
	GlobalSection(SolutionProperties) = preSolution
		HideSolutionNode = FALSE
	EndGlobalSection
	GlobalSection(NestedProjects) = preSolution
		{283D66B0-BDA1-4366-8C0D-555301591425} = {6671E026-56D2-4593-BB25-2269C81EBAF3}
		{04995C3F-FEA5-4078-9B8E-4B67748B39F3} = {6671E026-56D2-4593-BB25-2269C81EBAF3}
		{8D293D9E-2842-4967-B632-3AF4C4F76385} = {6671E026-56D2-4593-BB25-2269C81EBAF3}
	EndGlobalSection
	GlobalSection(ExtensibilityGlobals) = postSolution
		SolutionGuid = {05B8C4AF-FF1C-4378-9748-6218010A5D9D}
	EndGlobalSection
EndGlobal
